<?xml version="1.0" encoding="utf-8"?>
<Project ToolsVersion="4.0" xmlns="http://schemas.microsoft.com/developer/msbuild/2003">
  <ItemGroup>
    <Filter Include="Source files">
      <UniqueIdentifier>{3c83f0d5-edaf-42f9-9c89-8a5668dc08d9}</UniqueIdentifier>
    </Filter>
    <Filter Include="Header files">
      <UniqueIdentifier>{8cdab510-2acd-4e8a-95c6-56a9a75f3c3f}</UniqueIdentifier>
    </Filter>
  </ItemGroup>
  <ItemGroup>
    <ClCompile Include="..\..\src\1lab\main.c">
      <Filter>Source files</Filter>
    </ClCompile>
    <ClCompile Include="..\..\src\1lab\Vector.c">
      <Filter>Source files</Filter>
    </ClCompile>
  </ItemGroup>
  <ItemGroup>
    <ClInclude Include="..\..\src\1lab\Vector.h">
      <Filter>Header files</Filter>
    </ClInclude>
    <ClInclude Include="..\..\src\1lab\SquareMatrix.h">
      <Filter>Header files</Filter>
    </ClInclude>
  </ItemGroup>
</Project>